
Microsoft Visual Studio Solution File, Format Version 12.00
# Visual Studio 2013
VisualStudioVersion = 12.0.30501.0
MinimumVisualStudioVersion = 10.0.40219.1
Project("{FAE04EC0-301F-11D3-BF4B-00C04F79EFBC}") = "Pr01GalacticGPS", "Pr01GalacticGPS\Pr01GalacticGPS.csproj", "{8E70A3C0-3539-4676-BEEB-2C1D4ACF308F}"
EndProject
Project("{FAE04EC0-301F-11D3-BF4B-00C04F79EFBC}") = "Pr02FractionCalculator", "Pr02FractionCalculator\Pr02FractionCalculator.csproj", "{CA5FA327-5744-4BDD-AD4D-D2EA6A133E86}"
EndProject
Project("{FAE04EC0-301F-11D3-BF4B-00C04F79EFBC}") = "Pr03GenericList", "Pr03GenericList\Pr03GenericList.csproj", "{46B89DB8-6235-4E7F-9BC4-C7D22047DFB0}"
EndProject
Project("{FAE04EC0-301F-11D3-BF4B-00C04F79EFBC}") = "Pr04GenericListVersion", "Pr04GenericListVersion\Pr04GenericListVersion.csproj", "{3FEA9247-3D42-4AD0-A2E6-B2A1142D7A91}"
EndProject
Project("{FAE04EC0-301F-11D3-BF4B-00C04F79EFBC}") = "Pr05WordDocumentGenerator", "Pr05WordDocumentGenerator\Pr05WordDocumentGenerator.csproj", "{C733FDE9-88A4-42F7-8E1E-CD4604D5E488}"
EndProject
Global
	GlobalSection(SolutionConfigurationPlatforms) = preSolution
		Debug|Any CPU = Debug|Any CPU
		Release|Any CPU = Release|Any CPU
	EndGlobalSection
	GlobalSection(ProjectConfigurationPlatforms) = postSolution
		{8E70A3C0-3539-4676-BEEB-2C1D4ACF308F}.Debug|Any CPU.ActiveCfg = Debug|Any CPU
		{8E70A3C0-3539-4676-BEEB-2C1D4ACF308F}.Debug|Any CPU.Build.0 = Debug|Any CPU
		{8E70A3C0-3539-4676-BEEB-2C1D4ACF308F}.Release|Any CPU.ActiveCfg = Release|Any CPU
		{8E70A3C0-3539-4676-BEEB-2C1D4ACF308F}.Release|Any CPU.Build.0 = Release|Any CPU
		{CA5FA327-5744-4BDD-AD4D-D2EA6A133E86}.Debug|Any CPU.ActiveCfg = Debug|Any CPU
		{CA5FA327-5744-4BDD-AD4D-D2EA6A133E86}.Debug|Any CPU.Build.0 = Debug|Any CPU
		{CA5FA327-5744-4BDD-AD4D-D2EA6A133E86}.Release|Any CPU.ActiveCfg = Release|Any CPU
		{CA5FA327-5744-4BDD-AD4D-D2EA6A133E86}.Release|Any CPU.Build.0 = Release|Any CPU
		{46B89DB8-6235-4E7F-9BC4-C7D22047DFB0}.Debug|Any CPU.ActiveCfg = Debug|Any CPU
		{46B89DB8-6235-4E7F-9BC4-C7D22047DFB0}.Debug|Any CPU.Build.0 = Debug|Any CPU
		{46B89DB8-6235-4E7F-9BC4-C7D22047DFB0}.Release|Any CPU.ActiveCfg = Release|Any CPU
		{46B89DB8-6235-4E7F-9BC4-C7D22047DFB0}.Release|Any CPU.Build.0 = Release|Any CPU
		{3FEA9247-3D42-4AD0-A2E6-B2A1142D7A91}.Debug|Any CPU.ActiveCfg = Debug|Any CPU
		{3FEA9247-3D42-4AD0-A2E6-B2A1142D7A91}.Debug|Any CPU.Build.0 = Debug|Any CPU
		{3FEA9247-3D42-4AD0-A2E6-B2A1142D7A91}.Release|Any CPU.ActiveCfg = Release|Any CPU
		{3FEA9247-3D42-4AD0-A2E6-B2A1142D7A91}.Release|Any CPU.Build.0 = Release|Any CPU
		{C733FDE9-88A4-42F7-8E1E-CD4604D5E488}.Debug|Any CPU.ActiveCfg = Debug|Any CPU
		{C733FDE9-88A4-42F7-8E1E-CD4604D5E488}.Debug|Any CPU.Build.0 = Debug|Any CPU
		{C733FDE9-88A4-42F7-8E1E-CD4604D5E488}.Release|Any CPU.ActiveCfg = Release|Any CPU
		{C733FDE9-88A4-42F7-8E1E-CD4604D5E488}.Release|Any CPU.Build.0 = Release|Any CPU
	EndGlobalSection
	GlobalSection(SolutionProperties) = preSolution
		HideSolutionNode = FALSE
	EndGlobalSection
EndGlobal
