
Microsoft Visual Studio Solution File, Format Version 12.00
# Visual Studio 2013
VisualStudioVersion = 12.0.30501.0
MinimumVisualStudioVersion = 10.0.40219.1
Project("{FAE04EC0-301F-11D3-BF4B-00C04F79EFBC}") = "Pr01Persons", "DefiningClassesHomework\Pr01Persons.csproj", "{561D52FA-BE35-476B-8778-ED9E82FF7F1A}"
EndProject
Project("{FAE04EC0-301F-11D3-BF4B-00C04F79EFBC}") = "Pr02LaptopShop", "Pr02LaptopShop\Pr02LaptopShop.csproj", "{1588B1FB-3D92-4E88-9DA6-7563A89D7E10}"
EndProject
Project("{FAE04EC0-301F-11D3-BF4B-00C04F79EFBC}") = "Pr03PcCatalog", "Pr03PcCatalog\Pr03PcCatalog.csproj", "{A767720E-9BAD-4DC9-89F0-75193659AB57}"
EndProject
Global
	GlobalSection(SolutionConfigurationPlatforms) = preSolution
		Debug|Any CPU = Debug|Any CPU
		Release|Any CPU = Release|Any CPU
	EndGlobalSection
	GlobalSection(ProjectConfigurationPlatforms) = postSolution
		{561D52FA-BE35-476B-8778-ED9E82FF7F1A}.Debug|Any CPU.ActiveCfg = Debug|Any CPU
		{561D52FA-BE35-476B-8778-ED9E82FF7F1A}.Debug|Any CPU.Build.0 = Debug|Any CPU
		{561D52FA-BE35-476B-8778-ED9E82FF7F1A}.Release|Any CPU.ActiveCfg = Release|Any CPU
		{561D52FA-BE35-476B-8778-ED9E82FF7F1A}.Release|Any CPU.Build.0 = Release|Any CPU
		{1588B1FB-3D92-4E88-9DA6-7563A89D7E10}.Debug|Any CPU.ActiveCfg = Debug|Any CPU
		{1588B1FB-3D92-4E88-9DA6-7563A89D7E10}.Debug|Any CPU.Build.0 = Debug|Any CPU
		{1588B1FB-3D92-4E88-9DA6-7563A89D7E10}.Release|Any CPU.ActiveCfg = Release|Any CPU
		{1588B1FB-3D92-4E88-9DA6-7563A89D7E10}.Release|Any CPU.Build.0 = Release|Any CPU
		{A767720E-9BAD-4DC9-89F0-75193659AB57}.Debug|Any CPU.ActiveCfg = Debug|Any CPU
		{A767720E-9BAD-4DC9-89F0-75193659AB57}.Debug|Any CPU.Build.0 = Debug|Any CPU
		{A767720E-9BAD-4DC9-89F0-75193659AB57}.Release|Any CPU.ActiveCfg = Release|Any CPU
		{A767720E-9BAD-4DC9-89F0-75193659AB57}.Release|Any CPU.Build.0 = Release|Any CPU
	EndGlobalSection
	GlobalSection(SolutionProperties) = preSolution
		HideSolutionNode = FALSE
	EndGlobalSection
EndGlobal
